
Microsoft Visual Studio Solution File, Format Version 12.00
# Visual Studio 15
VisualStudioVersion = 15.0.28307.1022
MinimumVisualStudioVersion = 10.0.40219.1
Project("{FAE04EC0-301F-11D3-BF4B-00C04F79EFBC}") = "WCF_SERVICE", "WCF_SERVICE\WCF_SERVICE.csproj", "{D52C4237-BE02-41A6-B60A-73E90F7FAFAE}"
EndProject
Project("{FAE04EC0-301F-11D3-BF4B-00C04F79EFBC}") = "OnlineLibraryClass", "OnlineLibraryClass\OnlineLibraryClass.csproj", "{140C2735-FA7B-4055-BEF2-3EF7A4F039A4}"
EndProject
Global
	GlobalSection(SolutionConfigurationPlatforms) = preSolution
		Debug|Any CPU = Debug|Any CPU
		Release|Any CPU = Release|Any CPU
	EndGlobalSection
	GlobalSection(ProjectConfigurationPlatforms) = postSolution
		{D52C4237-BE02-41A6-B60A-73E90F7FAFAE}.Debug|Any CPU.ActiveCfg = Debug|Any CPU
		{D52C4237-BE02-41A6-B60A-73E90F7FAFAE}.Debug|Any CPU.Build.0 = Debug|Any CPU
		{D52C4237-BE02-41A6-B60A-73E90F7FAFAE}.Release|Any CPU.ActiveCfg = Release|Any CPU
		{D52C4237-BE02-41A6-B60A-73E90F7FAFAE}.Release|Any CPU.Build.0 = Release|Any CPU
		{140C2735-FA7B-4055-BEF2-3EF7A4F039A4}.Debug|Any CPU.ActiveCfg = Debug|Any CPU
		{140C2735-FA7B-4055-BEF2-3EF7A4F039A4}.Debug|Any CPU.Build.0 = Debug|Any CPU
		{140C2735-FA7B-4055-BEF2-3EF7A4F039A4}.Release|Any CPU.ActiveCfg = Release|Any CPU
		{140C2735-FA7B-4055-BEF2-3EF7A4F039A4}.Release|Any CPU.Build.0 = Release|Any CPU
	EndGlobalSection
	GlobalSection(SolutionProperties) = preSolution
		HideSolutionNode = FALSE
	EndGlobalSection
	GlobalSection(ExtensibilityGlobals) = postSolution
		SolutionGuid = {15DA4DC2-B75C-4CC5-956A-4DEB7F18C1AC}
	EndGlobalSection
EndGlobal
